Microsoft Visual Studio Solution File, Format Version 12.00
# Visual Studio Version 17
VisualStudioVersion = 17.5.2.0
MinimumVisualStudioVersion = 10.0.40219.1
Project("{FAE04EC0-301F-11D3-BF4B-00C04F79EFBC}") = "LabProject5", "LabProject5\LabProject5.csproj", "{002B76E8-A90F-2644-4CBC-4887117C69C2}"
EndProject
Global
	GlobalSection(SolutionConfigurationPlatforms) = preSolution
		Debug|Any CPU = Debug|Any CPU
		Release|Any CPU = Release|Any CPU
	EndGlobalSection
	GlobalSection(ProjectConfigurationPlatforms) = postSolution
		{002B76E8-A90F-2644-4CBC-4887117C69C2}.Debug|Any CPU.ActiveCfg = Debug|Any CPU
		{002B76E8-A90F-2644-4CBC-4887117C69C2}.Debug|Any CPU.Build.0 = Debug|Any CPU
		{002B76E8-A90F-2644-4CBC-4887117C69C2}.Release|Any CPU.ActiveCfg = Release|Any CPU
		{002B76E8-A90F-2644-4CBC-4887117C69C2}.Release|Any CPU.Build.0 = Release|Any CPU
	EndGlobalSection
	GlobalSection(SolutionProperties) = preSolution
		HideSolutionNode = FALSE
	EndGlobalSection
	GlobalSection(ExtensibilityGlobals) = postSolution
		SolutionGuid = {C82B3706-0F74-45FF-89E9-063FFE0B9EDB}
	EndGlobalSection
EndGlobal
